
Microsoft Visual Studio Solution File, Format Version 12.00
# Visual Studio Version 17
VisualStudioVersion = 17.14.37012.4
MinimumVisualStudioVersion = 10.0.40219.1
Project("{2150E333-8FDC-42A3-9474-1A3956D46DE8}") = "src", "src", "{827E0CD3-B72D-47B6-A68D-7590B98EB39B}"
EndProject
Project("{FAE04EC0-301F-11D3-BF4B-00C04F79EFBC}") = "Shop.Desktop", "src\Shop.Desktop\Shop.Desktop.csproj", "{F230B56B-26F1-4974-AB52-26BD6EFEDFB1}"
EndProject
Project("{FAE04EC0-301F-11D3-BF4B-00C04F79EFBC}") = "Shop.Domain", "src\Shop.Domain\Shop.Domain.csproj", "{76996128-ADE0-4E15-9DC1-A1E74D3A5557}"
EndProject
Project("{FAE04EC0-301F-11D3-BF4B-00C04F79EFBC}") = "Shop.Application", "src\Shop.Application\Shop.Application.csproj", "{E505CC0B-173B-4F4A-93E7-24A79471D0F3}"
EndProject
Project("{FAE04EC0-301F-11D3-BF4B-00C04F79EFBC}") = "Shop.Infrastructure", "src\Shop.Infrastructure\Shop.Infrastructure.csproj", "{6418E96B-5F1E-4875-8DF1-65A61AA5B3AF}"
EndProject
Project("{FAE04EC0-301F-11D3-BF4B-00C04F79EFBC}") = "Shop.Contracts", "src\Shop.Contracts\Shop.Contracts.csproj", "{9EAE2FCC-3F45-4BB7-A663-964C0E8A91BA}"
EndProject
Project("{FAE04EC0-301F-11D3-BF4B-00C04F79EFBC}") = "Shop.Backend", "src\Shop.Backend\Shop.Backend.csproj", "{1D911A3E-5143-40A0-9831-2496B0A2C0DB}"
EndProject
Project("{FAE04EC0-301F-11D3-BF4B-00C04F79EFBC}") = "Shop.Domain.Tests", "tests\Shop.Domain.Tests\Shop.Domain.Tests.csproj", "{08D55B52-DD59-4E5C-820B-3D3E516710C1}"
EndProject
Project("{FAE04EC0-301F-11D3-BF4B-00C04F79EFBC}") = "Shop.Application.Tests", "tests\Shop.Application.Tests\Shop.Application.Tests.csproj", "{E75F55DA-F1FB-492B-998E-4623F314DF9E}"
EndProject
Project("{FAE04EC0-301F-11D3-BF4B-00C04F79EFBC}") = "Shop.Maui", "src\Shop.Maui\Shop.Maui.csproj", "{1F27DB6C-5ECE-4CDA-8458-27733D23B854}"
EndProject
Global
	GlobalSection(SolutionConfigurationPlatforms) = preSolution
		Debug|Any CPU = Debug|Any CPU
		Debug|x64 = Debug|x64
		Debug|x86 = Debug|x86
		Release|Any CPU = Release|Any CPU
		Release|x64 = Release|x64
		Release|x86 = Release|x86
	EndGlobalSection
	GlobalSection(ProjectConfigurationPlatforms) = postSolution
		{F230B56B-26F1-4974-AB52-26BD6EFEDFB1}.Debug|Any CPU.ActiveCfg = Debug|Any CPU
		{F230B56B-26F1-4974-AB52-26BD6EFEDFB1}.Debug|Any CPU.Build.0 = Debug|Any CPU
		{F230B56B-26F1-4974-AB52-26BD6EFEDFB1}.Debug|x64.ActiveCfg = Debug|Any CPU
		{F230B56B-26F1-4974-AB52-26BD6EFEDFB1}.Debug|x64.Build.0 = Debug|Any CPU
		{F230B56B-26F1-4974-AB52-26BD6EFEDFB1}.Debug|x86.ActiveCfg = Debug|Any CPU
		{F230B56B-26F1-4974-AB52-26BD6EFEDFB1}.Debug|x86.Build.0 = Debug|Any CPU
		{F230B56B-26F1-4974-AB52-26BD6EFEDFB1}.Release|Any CPU.ActiveCfg = Release|Any CPU
		{F230B56B-26F1-4974-AB52-26BD6EFEDFB1}.Release|Any CPU.Build.0 = Release|Any CPU
		{F230B56B-26F1-4974-AB52-26BD6EFEDFB1}.Release|x64.ActiveCfg = Release|Any CPU
		{F230B56B-26F1-4974-AB52-26BD6EFEDFB1}.Release|x64.Build.0 = Release|Any CPU
		{F230B56B-26F1-4974-AB52-26BD6EFEDFB1}.Release|x86.ActiveCfg = Release|Any CPU
		{F230B56B-26F1-4974-AB52-26BD6EFEDFB1}.Release|x86.Build.0 = Release|Any CPU
		{76996128-ADE0-4E15-9DC1-A1E74D3A5557}.Debug|Any CPU.ActiveCfg = Debug|Any CPU
		{76996128-ADE0-4E15-9DC1-A1E74D3A5557}.Debug|Any CPU.Build.0 = Debug|Any CPU
		{76996128-ADE0-4E15-9DC1-A1E74D3A5557}.Debug|x64.ActiveCfg = Debug|Any CPU
		{76996128-ADE0-4E15-9DC1-A1E74D3A5557}.Debug|x64.Build.0 = Debug|Any CPU
		{76996128-ADE0-4E15-9DC1-A1E74D3A5557}.Debug|x86.ActiveCfg = Debug|Any CPU
		{76996128-ADE0-4E15-9DC1-A1E74D3A5557}.Debug|x86.Build.0 = Debug|Any CPU
		{76996128-ADE0-4E15-9DC1-A1E74D3A5557}.Release|Any CPU.ActiveCfg = Release|Any CPU
		{76996128-ADE0-4E15-9DC1-A1E74D3A5557}.Release|Any CPU.Build.0 = Release|Any CPU
		{76996128-ADE0-4E15-9DC1-A1E74D3A5557}.Release|x64.ActiveCfg = Release|Any CPU
		{76996128-ADE0-4E15-9DC1-A1E74D3A5557}.Release|x64.Build.0 = Release|Any CPU
		{76996128-ADE0-4E15-9DC1-A1E74D3A5557}.Release|x86.ActiveCfg = Release|Any CPU
		{76996128-ADE0-4E15-9DC1-A1E74D3A5557}.Release|x86.Build.0 = Release|Any CPU
		{E505CC0B-173B-4F4A-93E7-24A79471D0F3}.Debug|Any CPU.ActiveCfg = Debug|Any CPU
		{E505CC0B-173B-4F4A-93E7-24A79471D0F3}.Debug|Any CPU.Build.0 = Debug|Any CPU
		{E505CC0B-173B-4F4A-93E7-24A79471D0F3}.Debug|x64.ActiveCfg = Debug|Any CPU
		{E505CC0B-173B-4F4A-93E7-24A79471D0F3}.Debug|x64.Build.0 = Debug|Any CPU
		{E505CC0B-173B-4F4A-93E7-24A79471D0F3}.Debug|x86.ActiveCfg = Debug|Any CPU
		{E505CC0B-173B-4F4A-93E7-24A79471D0F3}.Debug|x86.Build.0 = Debug|Any CPU
		{E505CC0B-173B-4F4A-93E7-24A79471D0F3}.Release|Any CPU.ActiveCfg = Release|Any CPU
		{E505CC0B-173B-4F4A-93E7-24A79471D0F3}.Release|Any CPU.Build.0 = Release|Any CPU
		{E505CC0B-173B-4F4A-93E7-24A79471D0F3}.Release|x64.ActiveCfg = Release|Any CPU
		{E505CC0B-173B-4F4A-93E7-24A79471D0F3}.Release|x64.Build.0 = Release|Any CPU
		{E505CC0B-173B-4F4A-93E7-24A79471D0F3}.Release|x86.ActiveCfg = Release|Any CPU
		{E505CC0B-173B-4F4A-93E7-24A79471D0F3}.Release|x86.Build.0 = Release|Any CPU
		{6418E96B-5F1E-4875-8DF1-65A61AA5B3AF}.Debug|Any CPU.ActiveCfg = Debug|Any CPU
		{6418E96B-5F1E-4875-8DF1-65A61AA5B3AF}.Debug|Any CPU.Build.0 = Debug|Any CPU
		{6418E96B-5F1E-4875-8DF1-65A61AA5B3AF}.Debug|x64.ActiveCfg = Debug|Any CPU
		{6418E96B-5F1E-4875-8DF1-65A61AA5B3AF}.Debug|x64.Build.0 = Debug|Any CPU
		{6418E96B-5F1E-4875-8DF1-65A61AA5B3AF}.Debug|x86.ActiveCfg = Debug|Any CPU
		{6418E96B-5F1E-4875-8DF1-65A61AA5B3AF}.Debug|x86.Build.0 = Debug|Any CPU
		{6418E96B-5F1E-4875-8DF1-65A61AA5B3AF}.Release|Any CPU.ActiveCfg = Release|Any CPU
		{6418E96B-5F1E-4875-8DF1-65A61AA5B3AF}.Release|Any CPU.Build.0 = Release|Any CPU
		{6418E96B-5F1E-4875-8DF1-65A61AA5B3AF}.Release|x64.ActiveCfg = Release|Any CPU
		{6418E96B-5F1E-4875-8DF1-65A61AA5B3AF}.Release|x64.Build.0 = Release|Any CPU
		{6418E96B-5F1E-4875-8DF1-65A61AA5B3AF}.Release|x86.ActiveCfg = Release|Any CPU
		{6418E96B-5F1E-4875-8DF1-65A61AA5B3AF}.Release|x86.Build.0 = Release|Any CPU
		{9EAE2FCC-3F45-4BB7-A663-964C0E8A91BA}.Debug|Any CPU.ActiveCfg = Debug|Any CPU
		{9EAE2FCC-3F45-4BB7-A663-964C0E8A91BA}.Debug|Any CPU.Build.0 = Debug|Any CPU
		{9EAE2FCC-3F45-4BB7-A663-964C0E8A91BA}.Debug|x64.ActiveCfg = Debug|Any CPU
		{9EAE2FCC-3F45-4BB7-A663-964C0E8A91BA}.Debug|x64.Build.0 = Debug|Any CPU
		{9EAE2FCC-3F45-4BB7-A663-964C0E8A91BA}.Debug|x86.ActiveCfg = Debug|Any CPU
		{9EAE2FCC-3F45-4BB7-A663-964C0E8A91BA}.Debug|x86.Build.0 = Debug|Any CPU
		{9EAE2FCC-3F45-4BB7-A663-964C0E8A91BA}.Release|Any CPU.ActiveCfg = Release|Any CPU
		{9EAE2FCC-3F45-4BB7-A663-964C0E8A91BA}.Release|Any CPU.Build.0 = Release|Any CPU
		{9EAE2FCC-3F45-4BB7-A663-964C0E8A91BA}.Release|x64.ActiveCfg = Release|Any CPU
		{9EAE2FCC-3F45-4BB7-A663-964C0E8A91BA}.Release|x64.Build.0 = Release|Any CPU
		{9EAE2FCC-3F45-4BB7-A663-964C0E8A91BA}.Release|x86.ActiveCfg = Release|Any CPU
		{9EAE2FCC-3F45-4BB7-A663-964C0E8A91BA}.Release|x86.Build.0 = Release|Any CPU
		{1D911A3E-5143-40A0-9831-2496B0A2C0DB}.Debug|Any CPU.ActiveCfg = Debug|Any CPU
		{1D911A3E-5143-40A0-9831-2496B0A2C0DB}.Debug|Any CPU.Build.0 = Debug|Any CPU
		{1D911A3E-5143-40A0-9831-2496B0A2C0DB}.Debug|x64.ActiveCfg = Debug|Any CPU
		{1D911A3E-5143-40A0-9831-2496B0A2C0DB}.Debug|x64.Build.0 = Debug|Any CPU
		{1D911A3E-5143-40A0-9831-2496B0A2C0DB}.Debug|x86.ActiveCfg = Debug|Any CPU
		{1D911A3E-5143-40A0-9831-2496B0A2C0DB}.Debug|x86.Build.0 = Debug|Any CPU
		{1D911A3E-5143-40A0-9831-2496B0A2C0DB}.Release|Any CPU.ActiveCfg = Release|Any CPU
		{1D911A3E-5143-40A0-9831-2496B0A2C0DB}.Release|Any CPU.Build.0 = Release|Any CPU
		{1D911A3E-5143-40A0-9831-2496B0A2C0DB}.Release|x64.ActiveCfg = Release|Any CPU
		{1D911A3E-5143-40A0-9831-2496B0A2C0DB}.Release|x64.Build.0 = Release|Any CPU
		{1D911A3E-5143-40A0-9831-2496B0A2C0DB}.Release|x86.ActiveCfg = Release|Any CPU
		{1D911A3E-5143-40A0-9831-2496B0A2C0DB}.Release|x86.Build.0 = Release|Any CPU
		{08D55B52-DD59-4E5C-820B-3D3E516710C1}.Debug|Any CPU.ActiveCfg = Debug|Any CPU
		{08D55B52-DD59-4E5C-820B-3D3E516710C1}.Debug|Any CPU.Build.0 = Debug|Any CPU
		{08D55B52-DD59-4E5C-820B-3D3E516710C1}.Debug|x64.ActiveCfg = Debug|Any CPU
		{08D55B52-DD59-4E5C-820B-3D3E516710C1}.Debug|x64.Build.0 = Debug|Any CPU
		{08D55B52-DD59-4E5C-820B-3D3E516710C1}.Debug|x86.ActiveCfg = Debug|Any CPU
		{08D55B52-DD59-4E5C-820B-3D3E516710C1}.Debug|x86.Build.0 = Debug|Any CPU
		{08D55B52-DD59-4E5C-820B-3D3E516710C1}.Release|Any CPU.ActiveCfg = Release|Any CPU
		{08D55B52-DD59-4E5C-820B-3D3E516710C1}.Release|Any CPU.Build.0 = Release|Any CPU
		{08D55B52-DD59-4E5C-820B-3D3E516710C1}.Release|x64.ActiveCfg = Release|Any CPU
		{08D55B52-DD59-4E5C-820B-3D3E516710C1}.Release|x64.Build.0 = Release|Any CPU
		{08D55B52-DD59-4E5C-820B-3D3E516710C1}.Release|x86.ActiveCfg = Release|Any CPU
		{08D55B52-DD59-4E5C-820B-3D3E516710C1}.Release|x86.Build.0 = Release|Any CPU
		{E75F55DA-F1FB-492B-998E-4623F314DF9E}.Debug|Any CPU.ActiveCfg = Debug|Any CPU
		{E75F55DA-F1FB-492B-998E-4623F314DF9E}.Debug|Any CPU.Build.0 = Debug|Any CPU
		{E75F55DA-F1FB-492B-998E-4623F314DF9E}.Debug|x64.ActiveCfg = Debug|Any CPU
		{E75F55DA-F1FB-492B-998E-4623F314DF9E}.Debug|x64.Build.0 = Debug|Any CPU
		{E75F55DA-F1FB-492B-998E-4623F314DF9E}.Debug|x86.ActiveCfg = Debug|Any CPU
		{E75F55DA-F1FB-492B-998E-4623F314DF9E}.Debug|x86.Build.0 = Debug|Any CPU
		{E75F55DA-F1FB-492B-998E-4623F314DF9E}.Release|Any CPU.ActiveCfg = Release|Any CPU
		{E75F55DA-F1FB-492B-998E-4623F314DF9E}.Release|Any CPU.Build.0 = Release|Any CPU
		{E75F55DA-F1FB-492B-998E-4623F314DF9E}.Release|x64.ActiveCfg = Release|Any CPU
		{E75F55DA-F1FB-492B-998E-4623F314DF9E}.Release|x64.Build.0 = Release|Any CPU
		{E75F55DA-F1FB-492B-998E-4623F314DF9E}.Release|x86.ActiveCfg = Release|Any CPU
		{E75F55DA-F1FB-492B-998E-4623F314DF9E}.Release|x86.Build.0 = Release|Any CPU
		{1F27DB6C-5ECE-4CDA-8458-27733D23B854}.Debug|Any CPU.ActiveCfg = Debug|Any CPU
		{1F27DB6C-5ECE-4CDA-8458-27733D23B854}.Debug|Any CPU.Build.0 = Debug|Any CPU
		{1F27DB6C-5ECE-4CDA-8458-27733D23B854}.Debug|x64.ActiveCfg = Debug|Any CPU
		{1F27DB6C-5ECE-4CDA-8458-27733D23B854}.Debug|x64.Build.0 = Debug|Any CPU
		{1F27DB6C-5ECE-4CDA-8458-27733D23B854}.Debug|x86.ActiveCfg = Debug|Any CPU
		{1F27DB6C-5ECE-4CDA-8458-27733D23B854}.Debug|x86.Build.0 = Debug|Any CPU
		{1F27DB6C-5ECE-4CDA-8458-27733D23B854}.Release|Any CPU.ActiveCfg = Release|Any CPU
		{1F27DB6C-5ECE-4CDA-8458-27733D23B854}.Release|Any CPU.Build.0 = Release|Any CPU
		{1F27DB6C-5ECE-4CDA-8458-27733D23B854}.Release|x64.ActiveCfg = Release|Any CPU
		{1F27DB6C-5ECE-4CDA-8458-27733D23B854}.Release|x64.Build.0 = Release|Any CPU
		{1F27DB6C-5ECE-4CDA-8458-27733D23B854}.Release|x86.ActiveCfg = Release|Any CPU
		{1F27DB6C-5ECE-4CDA-8458-27733D23B854}.Release|x86.Build.0 = Release|Any CPU
	EndGlobalSection
	GlobalSection(SolutionProperties) = preSolution
		HideSolutionNode = FALSE
	EndGlobalSection
	GlobalSection(NestedProjects) = preSolution
		{F230B56B-26F1-4974-AB52-26BD6EFEDFB1} = {827E0CD3-B72D-47B6-A68D-7590B98EB39B}
		{76996128-ADE0-4E15-9DC1-A1E74D3A5557} = {827E0CD3-B72D-47B6-A68D-7590B98EB39B}
		{E505CC0B-173B-4F4A-93E7-24A79471D0F3} = {827E0CD3-B72D-47B6-A68D-7590B98EB39B}
		{6418E96B-5F1E-4875-8DF1-65A61AA5B3AF} = {827E0CD3-B72D-47B6-A68D-7590B98EB39B}
		{9EAE2FCC-3F45-4BB7-A663-964C0E8A91BA} = {827E0CD3-B72D-47B6-A68D-7590B98EB39B}
		{1D911A3E-5143-40A0-9831-2496B0A2C0DB} = {827E0CD3-B72D-47B6-A68D-7590B98EB39B}
		{08D55B52-DD59-4E5C-820B-3D3E516710C1} = {827E0CD3-B72D-47B6-A68D-7590B98EB39B}
		{E75F55DA-F1FB-492B-998E-4623F314DF9E} = {827E0CD3-B72D-47B6-A68D-7590B98EB39B}
		{1F27DB6C-5ECE-4CDA-8458-27733D23B854} = {827E0CD3-B72D-47B6-A68D-7590B98EB39B}
	EndGlobalSection
	GlobalSection(ExtensibilityGlobals) = postSolution
		SolutionGuid = {C3CBD3A4-F13B-4C4F-818D-64F1B0B5AE84}
	EndGlobalSection
EndGlobal
